// !$*UTF8*$!
{
	archiveVersion = 1;
	classes = {
	};
	objectVersion = 46;
	objects = {

/* Begin PBXBuildFile section */
		CD1092751944A30900C7F6FF /* Foundation.framework in Frameworks */ = {isa = PBXBuildFile; fileRef = CD1092741944A30900C7F6FF /* Foundation.framework */; };
		CD1092771944A30900C7F6FF /* CoreGraphics.framework in Frameworks */ = {isa = PBXBuildFile; fileRef = CD1092761944A30900C7F6FF /* CoreGraphics.framework */; };
		CD1092791944A30900C7F6FF /* UIKit.framework in Frameworks */ = {isa = PBXBuildFile; fileRef = CD1092781944A30900C7F6FF /* UIKit.framework */; };
		CD10927F1944A30900C7F6FF /* InfoPlist.strings in Resources */ = {isa = PBXBuildFile; fileRef = CD10927D1944A30900C7F6FF /* InfoPlist.strings */; };
		CD1092811944A30900C7F6FF /* main.m in Sources */ = {isa = PBXBuildFile; fileRef = CD1092801944A30900C7F6FF /* main.m */; };
		CD1092851944A30900C7F6FF /* AppDelegate.m in Sources */ = {isa = PBXBuildFile; fileRef = CD1092841944A30900C7F6FF /* AppDelegate.m */; };
		CD1092881944A30900C7F6FF /* Main.storyboard in Resources */ = {isa = PBXBuildFile; fileRef = CD1092861944A30900C7F6FF /* Main.storyboard */; };
		CD10928B1944A30900C7F6FF /* ViewController.m in Sources */ = {isa = PBXBuildFile; fileRef = CD10928A1944A30900C7F6FF /* ViewController.m */; };
		CD10928D1944A30900C7F6FF /* Images.xcassets in Resources */ = {isa = PBXBuildFile; fileRef = CD10928C1944A30900C7F6FF /* Images.xcassets */; };
		CD1092941944A30900C7F6FF /* XCTest.framework in Frameworks */ = {isa = PBXBuildFile; fileRef = CD1092931944A30900C7F6FF /* XCTest.framework */; };
		CD1092951944A30900C7F6FF /* Foundation.framework in Frameworks */ = {isa = PBXBuildFile; fileRef = CD1092741944A30900C7F6FF /* Foundation.framework */; };
		CD1092961944A30900C7F6FF /* UIKit.framework in Frameworks */ = {isa = PBXBuildFile; fileRef = CD1092781944A30900C7F6FF /* UIKit.framework */; };
		CD10929E1944A30900C7F6FF /* InfoPlist.strings in Resources */ = {isa = PBXBuildFile; fileRef = CD10929C1944A30900C7F6FF /* InfoPlist.strings */; };
		CD1092A01944A30900C7F6FF /* ToolbarSampleTests.m in Sources */ = {isa = PBXBuildFile; fileRef = CD10929F1944A30900C7F6FF /* ToolbarSampleTests.m */; };
/* End PBXBuildFile section */

/* Begin PBXContainerItemProxy section */
		CD1092971944A30900C7F6FF /* PBXContainerItemProxy */ = {
			isa = PBXContainerItemProxy;
			containerPortal = CD1092691944A30900C7F6FF /* Project object */;
			proxyType = 1;
			remoteGlobalIDString = CD1092701944A30900C7F6FF;
			remoteInfo = ToolbarSample;
		};
/* End PBXContainerItemProxy section */

/* Begin PBXFileReference section */
		CD1092711944A30900C7F6FF /* ToolbarSample.app */ = {isa = PBXFileReference; explicitFileType = wrapper.application; includeInIndex = 0; path = ToolbarSample.app; sourceTree = BUILT_PRODUCTS_DIR; };
		CD1092741944A30900C7F6FF /* Foundation.framework */ = {isa = PBXFileReference; lastKnownFileType = wrapper.framework; name = Foundation.framework; path = System/Library/Frameworks/Foundation.framework; sourceTree = SDKROOT; };
		CD1092761944A30900C7F6FF /* CoreGraphics.framework */ = {isa = PBXFileReference; lastKnownFileType = wrapper.framework; name = CoreGraphics.framework; path = System/Library/Frameworks/CoreGraphics.framework; sourceTree = SDKROOT; };
		CD1092781944A30900C7F6FF /* UIKit.framework */ = {isa = PBXFileReference; lastKnownFileType = wrapper.framework; name = UIKit.framework; path = System/Library/Frameworks/UIKit.framework; sourceTree = SDKROOT; };
		CD10927C1944A30900C7F6FF /* ToolbarSample-Info.plist */ = {isa = PBXFileReference; lastKnownFileType = text.plist.xml; path = "ToolbarSample-Info.plist"; sourceTree = "<group>"; };
		CD10927E1944A30900C7F6FF /* en */ = {isa = PBXFileReference; lastKnownFileType = text.plist.strings; name = en; path = en.lproj/InfoPlist.strings; sourceTree = "<group>"; };
		CD1092801944A30900C7F6FF /* main.m */ = {isa = PBXFileReference; lastKnownFileType = sourcecode.c.objc; path = main.m; sourceTree = "<group>"; };
		CD1092821944A30900C7F6FF /* ToolbarSample-Prefix.pch */ = {isa = PBXFileReference; lastKnownFileType = sourcecode.c.h; path = "ToolbarSample-Prefix.pch"; sourceTree = "<group>"; };
		CD1092831944A30900C7F6FF /* AppDelegate.h */ = {isa = PBXFileReference; lastKnownFileType = sourcecode.c.h; path = AppDelegate.h; sourceTree = "<group>"; };
		CD1092841944A30900C7F6FF /* AppDelegate.m */ = {isa = PBXFileReference; lastKnownFileType = sourcecode.c.objc; path = AppDelegate.m; sourceTree = "<group>"; };
		CD1092871944A30900C7F6FF /* Base */ = {isa = PBXFileReference; lastKnownFileType = file.storyboard; name = Base; path = Base.lproj/Main.storyboard; sourceTree = "<group>"; };
		CD1092891944A30900C7F6FF /* ViewController.h */ = {isa = PBXFileReference; lastKnownFileType = sourcecode.c.h; path = ViewController.h; sourceTree = "<group>"; };
		CD10928A1944A30900C7F6FF /* ViewController.m */ = {isa = PBXFileReference; lastKnownFileType = sourcecode.c.objc; path = ViewController.m; sourceTree = "<group>"; };
		CD10928C1944A30900C7F6FF /* Images.xcassets */ = {isa = PBXFileReference; lastKnownFileType = folder.assetcatalog; path = Images.xcassets; sourceTree = "<group>"; };
		CD1092921944A30900C7F6FF /* ToolbarSampleTests.xctest */ = {isa = PBXFileReference; explicitFileType = wrapper.cfbundle; includeInIndex = 0; path = ToolbarSampleTests.xctest; sourceTree = BUILT_PRODUCTS_DIR; };
		CD1092931944A30900C7F6FF /* XCTest.framework */ = {isa = PBXFileReference; lastKnownFileType = wrapper.framework; name = XCTest.framework; path = Library/Frameworks/XCTest.framework; sourceTree = DEVELOPER_DIR; };
		CD10929B1944A30900C7F6FF /* ToolbarSampleTests-Info.plist */ = {isa = PBXFileReference; lastKnownFileType = text.plist.xml; path = "ToolbarSampleTests-Info.plist"; sourceTree = "<group>"; };
		CD10929D1944A30900C7F6FF /* en */ = {isa = PBXFileReference; lastKnownFileType = text.plist.strings; name = en; path = en.lproj/InfoPlist.strings; sourceTree = "<group>"; };
		CD10929F1944A30900C7F6FF /* ToolbarSampleTests.m */ = {isa = PBXFileReference; lastKnownFileType = sourcecode.c.objc; path = ToolbarSampleTests.m; sourceTree = "<group>"; };
/* End PBXFileReference section */

/* Begin PBXFrameworksBuildPhase section */
		CD10926E1944A30900C7F6FF /* Frameworks */ = {
			isa = PBXFrameworksBuildPhase;
			buildActionMask = 2147483647;
			files = (
				CD1092771944A30900C7F6FF /* CoreGraphics.framework in Frameworks */,
				CD1092791944A30900C7F6FF /* UIKit.framework in Frameworks */,
				CD1092751944A30900C7F6FF /* Foundation.framework in Frameworks */,
			);
			runOnlyForDeploymentPostprocessing = 0;
		};
		CD10928F1944A30900C7F6FF /* Frameworks */ = {
			isa = PBXFrameworksBuildPhase;
			buildActionMask = 2147483647;
			files = (
				CD1092941944A30900C7F6FF /* XCTest.framework in Frameworks */,
				CD1092961944A30900C7F6FF /* UIKit.framework in Frameworks */,
				CD1092951944A30900C7F6FF /* Foundation.framework in Frameworks */,
			);
			runOnlyForDeploymentPostprocessing = 0;
		};
/* End PBXFrameworksBuildPhase section */

/* Begin PBXGroup section */
		CD1092681944A30900C7F6FF = {
			isa = PBXGroup;
			children = (
				CD10927A1944A30900C7F6FF /* ToolbarSample */,
				CD1092991944A30900C7F6FF /* ToolbarSampleTests */,
				CD1092731944A30900C7F6FF /* Frameworks */,
				CD1092721944A30900C7F6FF /* Products */,
			);
			sourceTree = "<group>";
		};
		CD1092721944A30900C7F6FF /* Products */ = {
			isa = PBXGroup;
			children = (
				CD1092711944A30900C7F6FF /* ToolbarSample.app */,
				CD1092921944A30900C7F6FF /* ToolbarSampleTests.xctest */,
			);
			name = Products;
			sourceTree = "<group>";
		};
		CD1092731944A30900C7F6FF /* Frameworks */ = {
			isa = PBXGroup;
			children = (
				CD1092741944A30900C7F6FF /* Foundation.framework */,
				CD1092761944A30900C7F6FF /* CoreGraphics.framework */,
				CD1092781944A30900C7F6FF /* UIKit.framework */,
				CD1092931944A30900C7F6FF /* XCTest.framework */,
			);
			name = Frameworks;
			sourceTree = "<group>";
		};
		CD10927A1944A30900C7F6FF /* ToolbarSample */ = {
			isa = PBXGroup;
			children = (
				CD1092831944A30900C7F6FF /* AppDelegate.h */,
				CD1092841944A30900C7F6FF /* AppDelegate.m */,
				CD1092861944A30900C7F6FF /* Main.storyboard */,
				CD1092891944A30900C7F6FF /* ViewController.h */,
				CD10928A1944A30900C7F6FF /* ViewController.m */,
				CD10928C1944A30900C7F6FF /* Images.xcassets */,
				CD10927B1944A30900C7F6FF /* Supporting Files */,
			);
			path = ToolbarSample;
			sourceTree = "<group>";
		};
		CD10927B1944A30900C7F6FF /* Supporting Files */ = {
			isa = PBXGroup;
			children = (
				CD10927C1944A30900C7F6FF /* ToolbarSample-Info.plist */,
				CD10927D1944A30900C7F6FF /* InfoPlist.strings */,
				CD1092801944A30900C7F6FF /* main.m */,
				CD1092821944A30900C7F6FF /* ToolbarSample-Prefix.pch */,
			);
			name = "Supporting Files";
			sourceTree = "<group>";
		};
		CD1092991944A30900C7F6FF /* ToolbarSampleTests */ = {
			isa = PBXGroup;
			children = (
				CD10929F1944A30900C7F6FF /* ToolbarSampleTests.m */,
				CD10929A1944A30900C7F6FF /* Supporting Files */,
			);
			path = ToolbarSampleTests;
			sourceTree = "<group>";
		};
		CD10929A1944A30900C7F6FF /* Supporting Files */ = {
			isa = PBXGroup;
			children = (
				CD10929B1944A30900C7F6FF /* ToolbarSampleTests-Info.plist */,
				CD10929C1944A30900C7F6FF /* InfoPlist.strings */,
			);
			name = "Supporting Files";
			sourceTree = "<group>";
		};
/* End PBXGroup section */

/* Begin PBXNativeTarget section */
		CD1092701944A30900C7F6FF /* ToolbarSample */ = {
			isa = PBXNativeTarget;
			buildConfigurationList = CD1092A31944A30900C7F6FF /* Build configuration list for PBXNativeTarget "ToolbarSample" */;
			buildPhases = (
				CD10926D1944A30900C7F6FF /* Sources */,
				CD10926E1944A30900C7F6FF /* Frameworks */,
				CD10926F1944A30900C7F6FF /* Resources */,
			);
			buildRules = (
			);
			dependencies = (
			);
			name = ToolbarSample;
			productName = ToolbarSample;
			productReference = CD1092711944A30900C7F6FF /* ToolbarSample.app */;
			productType = "com.apple.product-type.application";
		};
		CD1092911944A30900C7F6FF /* ToolbarSampleTests */ = {
			isa = PBXNativeTarget;
			buildConfigurationList = CD1092A61944A30900C7F6FF /* Build configuration list for PBXNativeTarget "ToolbarSampleTests" */;
			buildPhases = (
				CD10928E1944A30900C7F6FF /* Sources */,
				CD10928F1944A30900C7F6FF /* Frameworks */,
				CD1092901944A30900C7F6FF /* Resources */,
			);
			buildRules = (
			);
			dependencies = (
				CD1092981944A30900C7F6FF /* PBXTargetDependency */,
			);
			name = ToolbarSampleTests;
			productName = ToolbarSampleTests;
			productReference = CD1092921944A30900C7F6FF /* ToolbarSampleTests.xctest */;
			productType = "com.apple.product-type.bundle.unit-test";
		};
/* End PBXNativeTarget section */

/* Begin PBXProject section */
		CD1092691944A30900C7F6FF /* Project object */ = {
			isa = PBXProject;
			attributes = {
				LastUpgradeCheck = 0510;
				ORGANIZATIONNAME = Patrick;
				TargetAttributes = {
					CD1092911944A30900C7F6FF = {
						TestTargetID = CD1092701944A30900C7F6FF;
					};
				};
			};
			buildConfigurationList = CD10926C1944A30900C7F6FF /* Build configuration list for PBXProject "ToolbarSample" */;
			compatibilityVersion = "Xcode 3.2";
			developmentRegion = English;
			hasScannedForEncodings = 0;
			knownRegions = (
				en,
				Base,
			);
			mainGroup = CD1092681944A30900C7F6FF;
			productRefGroup = CD1092721944A30900C7F6FF /* Products */;
			projectDirPath = "";
			projectRoot = "";
			targets = (
				CD1092701944A30900C7F6FF /* ToolbarSample */,
				CD1092911944A30900C7F6FF /* ToolbarSampleTests */,
			);
		};
/* End PBXProject section */

/* Begin PBXResourcesBuildPhase section */
		CD10926F1944A30900C7F6FF /* Resources */ = {
			isa = PBXResourcesBuildPhase;
			buildActionMask = 2147483647;
			files = (
				CD10928D1944A30900C7F6FF /* Images.xcassets in Resources */,
				CD10927F1944A30900C7F6FF /* InfoPlist.strings in Resources */,
				CD1092881944A30900C7F6FF /* Main.storyboard in Resources */,
			);
			runOnlyForDeploymentPostprocessing = 0;
		};
		CD1092901944A30900C7F6FF /* Resources */ = {
			isa = PBXResourcesBuildPhase;
			buildActionMask = 2147483647;
			files = (
				CD10929E1944A30900C7F6FF /* InfoPlist.strings in Resources */,
			);
			runOnlyForDeploymentPostprocessing = 0;
		};
/* End PBXResourcesBuildPhase section */

/* Begin PBXSourcesBuildPhase section */
		CD10926D1944A30900C7F6FF /* Sources */ = {
			isa = PBXSourcesBuildPhase;
			buildActionMask = 2147483647;
			files = (
				CD10928B1944A30900C7F6FF /* ViewController.m in Sources */,
				CD1092851944A30900C7F6FF /* AppDelegate.m in Sources */,
				CD1092811944A30900C7F6FF /* main.m in Sources */,
			);
			runOnlyForDeploymentPostprocessing = 0;
		};
		CD10928E1944A30900C7F6FF /* Sources */ = {
			isa = PBXSourcesBuildPhase;
			buildActionMask = 2147483647;
			files = (
				CD1092A01944A30900C7F6FF /* ToolbarSampleTests.m in Sources */,
			);
			runOnlyForDeploymentPostprocessing = 0;
		};
/* End PBXSourcesBuildPhase section */

/* Begin PBXTargetDependency section */
		CD1092981944A30900C7F6FF /* PBXTargetDependency */ = {
			isa = PBXTargetDependency;
			target = CD1092701944A30900C7F6FF /* ToolbarSample */;
			targetProxy = CD1092971944A30900C7F6FF /* PBXContainerItemProxy */;
		};
/* End PBXTargetDependency section */

/* Begin PBXVariantGroup section */
		CD10927D1944A30900C7F6FF /* InfoPlist.strings */ = {
			isa = PBXVariantGroup;
			children = (
				CD10927E1944A30900C7F6FF /* en */,
			);
			name = InfoPlist.strings;
			sourceTree = "<group>";
		};
		CD1092861944A30900C7F6FF /* Main.storyboard */ = {
			isa = PBXVariantGroup;
			children = (
				CD1092871944A30900C7F6FF /* Base */,
			);
			name = Main.storyboard;
			sourceTree = "<group>";
		};
		CD10929C1944A30900C7F6FF /* InfoPlist.strings */ = {
			isa = PBXVariantGroup;
			children = (
				CD10929D1944A30900C7F6FF /* en */,
			);
			name = InfoPlist.strings;
			sourceTree = "<group>";
		};
/* End PBXVariantGroup section */

/* Begin XCBuildConfiguration section */
		CD1092A11944A30900C7F6FF /* Debug */ = {
			isa = XCBuildConfiguration;
			buildSettings = {
				ALWAYS_SEARCH_USER_PATHS = NO;
				CLANG_CXX_LANGUAGE_STANDARD = "gnu++0x";
				CLANG_CXX_LIBRARY = "libc++";
				CLANG_ENABLE_MODULES = YES;
				CLANG_ENABLE_OBJC_ARC = YES;
				CLANG_WARN_BOOL_CONVERSION = YES;
				CLANG_WARN_CONSTANT_CONVERSION = YES;
				CLANG_WARN_DIRECT_OBJC_ISA_USAGE = YES_ERROR;
				CLANG_WARN_EMPTY_BODY = YES;
				CLANG_WARN_ENUM_CONVERSION = YES;
				CLANG_WARN_INT_CONVERSION = YES;
				CLANG_WARN_OBJC_ROOT_CLASS = YES_ERROR;
				CLANG_WARN__DUPLICATE_METHOD_MATCH = YES;
				"CODE_SIGN_IDENTITY[sdk=iphoneos*]" = "iPhone Developer";
				COPY_PHASE_STRIP = NO;
				GCC_C_LANGUAGE_STANDARD = gnu99;
				GCC_DYNAMIC_NO_PIC = NO;
				GCC_OPTIMIZATION_LEVEL = 0;
				GCC_PREPROCESSOR_DEFINITIONS = (
					"DEBUG=1",
					"$(inherited)",
				);
				GCC_SYMBOLS_PRIVATE_EXTERN = NO;
				GCC_WARN_64_TO_32_BIT_CONVERSION = YES;
				GCC_WARN_ABOUT_RETURN_TYPE = YES_ERROR;
				GCC_WARN_UNDECLARED_SELECTOR = YES;
				GCC_WARN_UNINITIALIZED_AUTOS = YES_AGGRESSIVE;
				GCC_WARN_UNUSED_FUNCTION = YES;
				GCC_WARN_UNUSED_VARIABLE = YES;
				IPHONEOS_DEPLOYMENT_TARGET = 7.1;
				ONLY_ACTIVE_ARCH = YES;
				SDKROOT = iphoneos;
			};
			name = Debug;
		};
		CD1092A21944A30900C7F6FF /* Release */ = {
			isa = XCBuildConfiguration;
			buildSettings = {
				ALWAYS_SEARCH_USER_PATHS = NO;
				CLANG_CXX_LANGUAGE_STANDARD = "gnu++0x";
				CLANG_CXX_LIBRARY = "libc++";
				CLANG_ENABLE_MODULES = YES;
				CLANG_ENABLE_OBJC_ARC = YES;
				CLANG_WARN_BOOL_CONVERSION = YES;
				CLANG_WARN_CONSTANT_CONVERSION = YES;
				CLANG_WARN_DIRECT_OBJC_ISA_USAGE = YES_ERROR;
				CLANG_WARN_EMPTY_BODY = YES;
				CLANG_WARN_ENUM_CONVERSION = YES;
				CLANG_WARN_INT_CONVERSION = YES;
				CLANG_WARN_OBJC_ROOT_CLASS = YES_ERROR;
				CLANG_WARN__DUPLICATE_METHOD_MATCH = YES;
				"CODE_SIGN_IDENTITY[sdk=iphoneos*]" = "iPhone Developer";
				COPY_PHASE_STRIP = YES;
				ENABLE_NS_ASSERTIONS = NO;
				GCC_C_LANGUAGE_STANDARD = gnu99;
				GCC_WARN_64_TO_32_BIT_CONVERSION = YES;
				GCC_WARN_ABOUT_RETURN_TYPE = YES_ERROR;
				GCC_WARN_UNDECLARED_SELECTOR = YES;
				GCC_WARN_UNINITIALIZED_AUTOS = YES_AGGRESSIVE;
				GCC_WARN_UNUSED_FUNCTION = YES;
				GCC_WARN_UNUSED_VARIABLE = YES;
				IPHONEOS_DEPLOYMENT_TARGET = 7.1;
				SDKROOT = iphoneos;
				VALIDATE_PRODUCT = YES;
			};
			name = Release;
		};
		CD1092A41944A30900C7F6FF /* Debug */ = {
			isa = XCBuildConfiguration;
			buildSettings = {
				ASSETCATALOG_COMPILER_APPICON_NAME = AppIcon;
				ASSETCATALOG_COMPILER_LAUNCHIMAGE_NAME = LaunchImage;
				GCC_PRECOMPILE_PREFIX_HEADER = YES;
				GCC_PREFIX_HEADER = "ToolbarSample/ToolbarSample-Prefix.pch";
				INFOPLIST_FILE = "ToolbarSample/ToolbarSample-Info.plist";
				PRODUCT_NAME = "$(TARGET_NAME)";
				WRAPPER_EXTENSION = app;
			};
			name = Debug;
		};
		CD1092A51944A30900C7F6FF /* Release */ = {
			isa = XCBuildConfiguration;
			buildSettings = {
				ASSETCATALOG_COMPILER_APPICON_NAME = AppIcon;
				ASSETCATALOG_COMPILER_LAUNCHIMAGE_NAME = LaunchImage;
				GCC_PRECOMPILE_PREFIX_HEADER = YES;
				GCC_PREFIX_HEADER = "ToolbarSample/ToolbarSample-Prefix.pch";
				INFOPLIST_FILE = "ToolbarSample/ToolbarSample-Info.plist";
				PRODUCT_NAME = "$(TARGET_NAME)";
				WRAPPER_EXTENSION = app;
			};
			name = Release;
		};
		CD1092A71944A30900C7F6FF /* Debug */ = {
			isa = XCBuildConfiguration;
			buildSettings = {
				BUNDLE_LOADER = "$(BUILT_PRODUCTS_DIR)/ToolbarSample.app/ToolbarSample";
				FRAMEWORK_SEARCH_PATHS = (
					"$(SDKROOT)/Developer/Library/Frameworks",
					"$(inherited)",
					"$(DEVELOPER_FRAMEWORKS_DIR)",
				);
				GCC_PRECOMPILE_PREFIX_HEADER = YES;
				GCC_PREFIX_HEADER = "ToolbarSample/ToolbarSample-Prefix.pch";
				GCC_PREPROCESSOR_DEFINITIONS = (
					"DEBUG=1",
					"$(inherited)",
				);
				INFOPLIST_FILE = "ToolbarSampleTests/ToolbarSampleTests-Info.plist";
				PRODUCT_NAME = "$(TARGET_NAME)";
				TEST_HOST = "$(BUNDLE_LOADER)";
				WRAPPER_EXTENSION = xctest;
			};
			name = Debug;
		};
		CD1092A81944A30900C7F6FF /* Release */ = {
			isa = XCBuildConfiguration;
			buildSettings = {
				BUNDLE_LOADER = "$(BUILT_PRODUCTS_DIR)/ToolbarSample.app/ToolbarSample";
				FRAMEWORK_SEARCH_PATHS = (
					"$(SDKROOT)/Developer/Library/Frameworks",
					"$(inherited)",
					"$(DEVELOPER_FRAMEWORKS_DIR)",
				);
				GCC_PRECOMPILE_PREFIX_HEADER = YES;
				GCC_PREFIX_HEADER = "ToolbarSample/ToolbarSample-Prefix.pch";
				INFOPLIST_FILE = "ToolbarSampleTests/ToolbarSampleTests-Info.plist";
				PRODUCT_NAME = "$(TARGET_NAME)";
				TEST_HOST = "$(BUNDLE_LOADER)";
				WRAPPER_EXTENSION = xctest;
			};
			name = Release;
		};
/* End XCBuildConfiguration section */

/* Begin XCConfigurationList section */
		CD10926C1944A30900C7F6FF /* Build configuration list for PBXProject "ToolbarSample" */ = {
			isa = XCConfigurationList;
			buildConfigurations = (
				CD1092A11944A30900C7F6FF /* Debug */,
				CD1092A21944A30900C7F6FF /* Release */,
			);
			defaultConfigurationIsVisible = 0;
			defaultConfigurationName = Release;
		};
		CD1092A31944A30900C7F6FF /* Build configuration list for PBXNativeTarget "ToolbarSample" */ = {
			isa = XCConfigurationList;
			buildConfigurations = (
				CD1092A41944A30900C7F6FF /* Debug */,
				CD1092A51944A30900C7F6FF /* Release */,
			);
			defaultConfigurationIsVisible = 0;
		};
		CD1092A61944A30900C7F6FF /* Build configuration list for PBXNativeTarget "ToolbarSampleTests" */ = {
			isa = XCConfigurationList;
			buildConfigurations = (
				CD1092A71944A30900C7F6FF /* Debug */,
				CD1092A81944A30900C7F6FF /* Release */,
			);
			defaultConfigurationIsVisible = 0;
		};
/* End XCConfigurationList section */
	};
	rootObject = CD1092691944A30900C7F6FF /* Project object */;
}
